// !$*UTF8*$!
{
	archiveVersion = 1;
	classes = {
	};
	objectVersion = 46;
	objects = {

/* Begin PBXBuildFile section */
		867F97561A2E04F00014E93E /* main.m in Sources */ = {isa = PBXBuildFile; fileRef = 867F97551A2E04F00014E93E /* main.m */; };
		867F97591A2E04F00014E93E /* AppDelegate.m in Sources */ = {isa = PBXBuildFile; fileRef = 867F97581A2E04F00014E93E /* AppDelegate.m */; };
		867F975C1A2E04F00014E93E /* ViewController.m in Sources */ = {isa = PBXBuildFile; fileRef = 867F975B1A2E04F00014E93E /* ViewController.m */; };
		867F97611A2E04F00014E93E /* Images.xcassets in Resources */ = {isa = PBXBuildFile; fileRef = 867F97601A2E04F00014E93E /* Images.xcassets */; };
		867F97641A2E04F00014E93E /* LaunchScreen.xib in Resources */ = {isa = PBXBuildFile; fileRef = 867F97621A2E04F00014E93E /* LaunchScreen.xib */; };
		867F97701A2E04F00014E93E /* iOSDemosTests.m in Sources */ = {isa = PBXBuildFile; fileRef = 867F976F1A2E04F00014E93E /* iOSDemosTests.m */; };
		867F977C1A2E05400014E93E /* M80AutoLayoutViewController.m in Sources */ = {isa = PBXBuildFile; fileRef = 867F977B1A2E05400014E93E /* M80AutoLayoutViewController.m */; };
		E4C5335E1A5A8A6300182371 /* M80PresentViewController.m in Sources */ = {isa = PBXBuildFile; fileRef = E4C5335D1A5A8A6300182371 /* M80PresentViewController.m */; };
/* End PBXBuildFile section */

/* Begin PBXContainerItemProxy section */
		867F976A1A2E04F00014E93E /* PBXContainerItemProxy */ = {
			isa = PBXContainerItemProxy;
			containerPortal = 867F97481A2E04F00014E93E /* Project object */;
			proxyType = 1;
			remoteGlobalIDString = 867F974F1A2E04F00014E93E;
			remoteInfo = iOSDemos;
		};
/* End PBXContainerItemProxy section */

/* Begin PBXFileReference section */
		867F97501A2E04F00014E93E /* iOSDemos.app */ = {isa = PBXFileReference; explicitFileType = wrapper.application; includeInIndex = 0; path = iOSDemos.app; sourceTree = BUILT_PRODUCTS_DIR; };
		867F97541A2E04F00014E93E /* Info.plist */ = {isa = PBXFileReference; lastKnownFileType = text.plist.xml; path = Info.plist; sourceTree = "<group>"; };
		867F97551A2E04F00014E93E /* main.m */ = {isa = PBXFileReference; lastKnownFileType = sourcecode.c.objc; path = main.m; sourceTree = "<group>"; };
		867F97571A2E04F00014E93E /* AppDelegate.h */ = {isa = PBXFileReference; lastKnownFileType = sourcecode.c.h; path = AppDelegate.h; sourceTree = "<group>"; };
		867F97581A2E04F00014E93E /* AppDelegate.m */ = {isa = PBXFileReference; lastKnownFileType = sourcecode.c.objc; path = AppDelegate.m; sourceTree = "<group>"; };
		867F975A1A2E04F00014E93E /* ViewController.h */ = {isa = PBXFileReference; lastKnownFileType = sourcecode.c.h; path = ViewController.h; sourceTree = "<group>"; };
		867F975B1A2E04F00014E93E /* ViewController.m */ = {isa = PBXFileReference; lastKnownFileType = sourcecode.c.objc; path = ViewController.m; sourceTree = "<group>"; };
		867F97601A2E04F00014E93E /* Images.xcassets */ = {isa = PBXFileReference; lastKnownFileType = folder.assetcatalog; path = Images.xcassets; sourceTree = "<group>"; };
		867F97631A2E04F00014E93E /* Base */ = {isa = PBXFileReference; lastKnownFileType = file.xib; name = Base; path = Base.lproj/LaunchScreen.xib; sourceTree = "<group>"; };
		867F97691A2E04F00014E93E /* iOSDemosTests.xctest */ = {isa = PBXFileReference; explicitFileType = wrapper.cfbundle; includeInIndex = 0; path = iOSDemosTests.xctest; sourceTree = BUILT_PRODUCTS_DIR; };
		867F976E1A2E04F00014E93E /* Info.plist */ = {isa = PBXFileReference; lastKnownFileType = text.plist.xml; path = Info.plist; sourceTree = "<group>"; };
		867F976F1A2E04F00014E93E /* iOSDemosTests.m */ = {isa = PBXFileReference; lastKnownFileType = sourcecode.c.objc; path = iOSDemosTests.m; sourceTree = "<group>"; };
		867F977A1A2E05400014E93E /* M80AutoLayoutViewController.h */ = {isa = PBXFileReference; fileEncoding = 4; lastKnownFileType = sourcecode.c.h; path = M80AutoLayoutViewController.h; sourceTree = "<group>"; };
		867F977B1A2E05400014E93E /* M80AutoLayoutViewController.m */ = {isa = PBXFileReference; fileEncoding = 4; lastKnownFileType = sourcecode.c.objc; path = M80AutoLayoutViewController.m; sourceTree = "<group>"; };
		E4C5335C1A5A8A6300182371 /* M80PresentViewController.h */ = {isa = PBXFileReference; fileEncoding = 4; lastKnownFileType = sourcecode.c.h; path = M80PresentViewController.h; sourceTree = "<group>"; };
		E4C5335D1A5A8A6300182371 /* M80PresentViewController.m */ = {isa = PBXFileReference; fileEncoding = 4; lastKnownFileType = sourcecode.c.objc; path = M80PresentViewController.m; sourceTree = "<group>"; };
/* End PBXFileReference section */

/* Begin PBXFrameworksBuildPhase section */
		867F974D1A2E04F00014E93E /* Frameworks */ = {
			isa = PBXFrameworksBuildPhase;
			buildActionMask = 2147483647;
			files = (
			);
			runOnlyForDeploymentPostprocessing = 0;
		};
		867F97661A2E04F00014E93E /* Frameworks */ = {
			isa = PBXFrameworksBuildPhase;
			buildActionMask = 2147483647;
			files = (
			);
			runOnlyForDeploymentPostprocessing = 0;
		};
/* End PBXFrameworksBuildPhase section */

/* Begin PBXGroup section */
		867F97471A2E04F00014E93E = {
			isa = PBXGroup;
			children = (
				867F97521A2E04F00014E93E /* iOSDemos */,
				867F976C1A2E04F00014E93E /* iOSDemosTests */,
				867F97511A2E04F00014E93E /* Products */,
			);
			sourceTree = "<group>";
		};
		867F97511A2E04F00014E93E /* Products */ = {
			isa = PBXGroup;
			children = (
				867F97501A2E04F00014E93E /* iOSDemos.app */,
				867F97691A2E04F00014E93E /* iOSDemosTests.xctest */,
			);
			name = Products;
			sourceTree = "<group>";
		};
		867F97521A2E04F00014E93E /* iOSDemos */ = {
			isa = PBXGroup;
			children = (
				867F97791A2E05080014E93E /* Classes */,
				867F97571A2E04F00014E93E /* AppDelegate.h */,
				867F97581A2E04F00014E93E /* AppDelegate.m */,
				867F975A1A2E04F00014E93E /* ViewController.h */,
				867F975B1A2E04F00014E93E /* ViewController.m */,
				867F97601A2E04F00014E93E /* Images.xcassets */,
				867F97621A2E04F00014E93E /* LaunchScreen.xib */,
				867F97531A2E04F00014E93E /* Supporting Files */,
			);
			path = iOSDemos;
			sourceTree = "<group>";
		};
		867F97531A2E04F00014E93E /* Supporting Files */ = {
			isa = PBXGroup;
			children = (
				867F97541A2E04F00014E93E /* Info.plist */,
				867F97551A2E04F00014E93E /* main.m */,
			);
			name = "Supporting Files";
			sourceTree = "<group>";
		};
		867F976C1A2E04F00014E93E /* iOSDemosTests */ = {
			isa = PBXGroup;
			children = (
				867F976F1A2E04F00014E93E /* iOSDemosTests.m */,
				867F976D1A2E04F00014E93E /* Supporting Files */,
			);
			path = iOSDemosTests;
			sourceTree = "<group>";
		};
		867F976D1A2E04F00014E93E /* Supporting Files */ = {
			isa = PBXGroup;
			children = (
				867F976E1A2E04F00014E93E /* Info.plist */,
			);
			name = "Supporting Files";
			sourceTree = "<group>";
		};
		867F97791A2E05080014E93E /* Classes */ = {
			isa = PBXGroup;
			children = (
				867F977A1A2E05400014E93E /* M80AutoLayoutViewController.h */,
				867F977B1A2E05400014E93E /* M80AutoLayoutViewController.m */,
				E4C5335C1A5A8A6300182371 /* M80PresentViewController.h */,
				E4C5335D1A5A8A6300182371 /* M80PresentViewController.m */,
			);
			path = Classes;
			sourceTree = SOURCE_ROOT;
		};
/* End PBXGroup section */

/* Begin PBXNativeTarget section */
		867F974F1A2E04F00014E93E /* iOSDemos */ = {
			isa = PBXNativeTarget;
			buildConfigurationList = 867F97731A2E04F00014E93E /* Build configuration list for PBXNativeTarget "iOSDemos" */;
			buildPhases = (
				867F974C1A2E04F00014E93E /* Sources */,
				867F974D1A2E04F00014E93E /* Frameworks */,
				867F974E1A2E04F00014E93E /* Resources */,
			);
			buildRules = (
			);
			dependencies = (
			);
			name = iOSDemos;
			productName = iOSDemos;
			productReference = 867F97501A2E04F00014E93E /* iOSDemos.app */;
			productType = "com.apple.product-type.application";
		};
		867F97681A2E04F00014E93E /* iOSDemosTests */ = {
			isa = PBXNativeTarget;
			buildConfigurationList = 867F97761A2E04F00014E93E /* Build configuration list for PBXNativeTarget "iOSDemosTests" */;
			buildPhases = (
				867F97651A2E04F00014E93E /* Sources */,
				867F97661A2E04F00014E93E /* Frameworks */,
				867F97671A2E04F00014E93E /* Resources */,
			);
			buildRules = (
			);
			dependencies = (
				867F976B1A2E04F00014E93E /* PBXTargetDependency */,
			);
			name = iOSDemosTests;
			productName = iOSDemosTests;
			productReference = 867F97691A2E04F00014E93E /* iOSDemosTests.xctest */;
			productType = "com.apple.product-type.bundle.unit-test";
		};
/* End PBXNativeTarget section */

/* Begin PBXProject section */
		867F97481A2E04F00014E93E /* Project object */ = {
			isa = PBXProject;
			attributes = {
				LastUpgradeCheck = 0610;
				ORGANIZATIONNAME = amao;
				TargetAttributes = {
					867F974F1A2E04F00014E93E = {
						CreatedOnToolsVersion = 6.1;
					};
					867F97681A2E04F00014E93E = {
						CreatedOnToolsVersion = 6.1;
						TestTargetID = 867F974F1A2E04F00014E93E;
					};
				};
			};
			buildConfigurationList = 867F974B1A2E04F00014E93E /* Build configuration list for PBXProject "iOSDemos" */;
			compatibilityVersion = "Xcode 3.2";
			developmentRegion = English;
			hasScannedForEncodings = 0;
			knownRegions = (
				en,
				Base,
			);
			mainGroup = 867F97471A2E04F00014E93E;
			productRefGroup = 867F97511A2E04F00014E93E /* Products */;
			projectDirPath = "";
			projectRoot = "";
			targets = (
				867F974F1A2E04F00014E93E /* iOSDemos */,
				867F97681A2E04F00014E93E /* iOSDemosTests */,
			);
		};
/* End PBXProject section */

/* Begin PBXResourcesBuildPhase section */
		867F974E1A2E04F00014E93E /* Resources */ = {
			isa = PBXResourcesBuildPhase;
			buildActionMask = 2147483647;
			files = (
				867F97641A2E04F00014E93E /* LaunchScreen.xib in Resources */,
				867F97611A2E04F00014E93E /* Images.xcassets in Resources */,
			);
			runOnlyForDeploymentPostprocessing = 0;
		};
		867F97671A2E04F00014E93E /* Resources */ = {
			isa = PBXResourcesBuildPhase;
			buildActionMask = 2147483647;
			files = (
			);
			runOnlyForDeploymentPostprocessing = 0;
		};
/* End PBXResourcesBuildPhase section */

/* Begin PBXSourcesBuildPhase section */
		867F974C1A2E04F00014E93E /* Sources */ = {
			isa = PBXSourcesBuildPhase;
			buildActionMask = 2147483647;
			files = (
				867F975C1A2E04F00014E93E /* ViewController.m in Sources */,
				867F97591A2E04F00014E93E /* AppDelegate.m in Sources */,
				E4C5335E1A5A8A6300182371 /* M80PresentViewController.m in Sources */,
				867F97561A2E04F00014E93E /* main.m in Sources */,
				867F977C1A2E05400014E93E /* M80AutoLayoutViewController.m in Sources */,
			);
			runOnlyForDeploymentPostprocessing = 0;
		};
		867F97651A2E04F00014E93E /* Sources */ = {
			isa = PBXSourcesBuildPhase;
			buildActionMask = 2147483647;
			files = (
				867F97701A2E04F00014E93E /* iOSDemosTests.m in Sources */,
			);
			runOnlyForDeploymentPostprocessing = 0;
		};
/* End PBXSourcesBuildPhase section */

/* Begin PBXTargetDependency section */
		867F976B1A2E04F00014E93E /* PBXTargetDependency */ = {
			isa = PBXTargetDependency;
			target = 867F974F1A2E04F00014E93E /* iOSDemos */;
			targetProxy = 867F976A1A2E04F00014E93E /* PBXContainerItemProxy */;
		};
/* End PBXTargetDependency section */

/* Begin PBXVariantGroup section */
		867F97621A2E04F00014E93E /* LaunchScreen.xib */ = {
			isa = PBXVariantGroup;
			children = (
				867F97631A2E04F00014E93E /* Base */,
			);
			name = LaunchScreen.xib;
			sourceTree = "<group>";
		};
/* End PBXVariantGroup section */

/* Begin XCBuildConfiguration section */
		867F97711A2E04F00014E93E /* Debug */ = {
			isa = XCBuildConfiguration;
			buildSettings = {
				ALWAYS_SEARCH_USER_PATHS = NO;
				CLANG_CXX_LANGUAGE_STANDARD = "gnu++0x";
				CLANG_CXX_LIBRARY = "libc++";
				CLANG_ENABLE_MODULES = YES;
				CLANG_ENABLE_OBJC_ARC = YES;
				CLANG_WARN_BOOL_CONVERSION = YES;
				CLANG_WARN_CONSTANT_CONVERSION = YES;
				CLANG_WARN_DIRECT_OBJC_ISA_USAGE = YES_ERROR;
				CLANG_WARN_EMPTY_BODY = YES;
				CLANG_WARN_ENUM_CONVERSION = YES;
				CLANG_WARN_INT_CONVERSION = YES;
				CLANG_WARN_OBJC_ROOT_CLASS = YES_ERROR;
				CLANG_WARN_UNREACHABLE_CODE = YES;
				CLANG_WARN__DUPLICATE_METHOD_MATCH = YES;
				"CODE_SIGN_IDENTITY[sdk=iphoneos*]" = "iPhone Developer";
				COPY_PHASE_STRIP = NO;
				ENABLE_STRICT_OBJC_MSGSEND = YES;
				GCC_C_LANGUAGE_STANDARD = gnu99;
				GCC_DYNAMIC_NO_PIC = NO;
				GCC_OPTIMIZATION_LEVEL = 0;
				GCC_PREPROCESSOR_DEFINITIONS = (
					"DEBUG=1",
					"$(inherited)",
				);
				GCC_SYMBOLS_PRIVATE_EXTERN = NO;
				GCC_WARN_64_TO_32_BIT_CONVERSION = YES;
				GCC_WARN_ABOUT_RETURN_TYPE = YES_ERROR;
				GCC_WARN_UNDECLARED_SELECTOR = YES;
				GCC_WARN_UNINITIALIZED_AUTOS = YES_AGGRESSIVE;
				GCC_WARN_UNUSED_FUNCTION = YES;
				GCC_WARN_UNUSED_VARIABLE = YES;
				IPHONEOS_DEPLOYMENT_TARGET = 8.1;
				MTL_ENABLE_DEBUG_INFO = YES;
				ONLY_ACTIVE_ARCH = YES;
				SDKROOT = iphoneos;
			};
			name = Debug;
		};
		867F97721A2E04F00014E93E /* Release */ = {
			isa = XCBuildConfiguration;
			buildSettings = {
				ALWAYS_SEARCH_USER_PATHS = NO;
				CLANG_CXX_LANGUAGE_STANDARD = "gnu++0x";
				CLANG_CXX_LIBRARY = "libc++";
				CLANG_ENABLE_MODULES = YES;
				CLANG_ENABLE_OBJC_ARC = YES;
				CLANG_WARN_BOOL_CONVERSION = YES;
				CLANG_WARN_CONSTANT_CONVERSION = YES;
				CLANG_WARN_DIRECT_OBJC_ISA_USAGE = YES_ERROR;
				CLANG_WARN_EMPTY_BODY = YES;
				CLANG_WARN_ENUM_CONVERSION = YES;
				CLANG_WARN_INT_CONVERSION = YES;
				CLANG_WARN_OBJC_ROOT_CLASS = YES_ERROR;
				CLANG_WARN_UNREACHABLE_CODE = YES;
				CLANG_WARN__DUPLICATE_METHOD_MATCH = YES;
				"CODE_SIGN_IDENTITY[sdk=iphoneos*]" = "iPhone Developer";
				COPY_PHASE_STRIP = YES;
				ENABLE_NS_ASSERTIONS = NO;
				ENABLE_STRICT_OBJC_MSGSEND = YES;
				GCC_C_LANGUAGE_STANDARD = gnu99;
				GCC_WARN_64_TO_32_BIT_CONVERSION = YES;
				GCC_WARN_ABOUT_RETURN_TYPE = YES_ERROR;
				GCC_WARN_UNDECLARED_SELECTOR = YES;
				GCC_WARN_UNINITIALIZED_AUTOS = YES_AGGRESSIVE;
				GCC_WARN_UNUSED_FUNCTION = YES;
				GCC_WARN_UNUSED_VARIABLE = YES;
				IPHONEOS_DEPLOYMENT_TARGET = 8.1;
				MTL_ENABLE_DEBUG_INFO = NO;
				SDKROOT = iphoneos;
				VALIDATE_PRODUCT = YES;
			};
			name = Release;
		};
		867F97741A2E04F00014E93E /* Debug */ = {
			isa = XCBuildConfiguration;
			buildSettings = {
				ASSETCATALOG_COMPILER_APPICON_NAME = AppIcon;
				INFOPLIST_FILE = iOSDemos/Info.plist;
				IPHONEOS_DEPLOYMENT_TARGET = 8.1;
				LD_RUNPATH_SEARCH_PATHS = "$(inherited) @executable_path/Frameworks";
				PRODUCT_NAME = "$(TARGET_NAME)";
			};
			name = Debug;
		};
		867F97751A2E04F00014E93E /* Release */ = {
			isa = XCBuildConfiguration;
			buildSettings = {
				ASSETCATALOG_COMPILER_APPICON_NAME = AppIcon;
				INFOPLIST_FILE = iOSDemos/Info.plist;
				IPHONEOS_DEPLOYMENT_TARGET = 8.1;
				LD_RUNPATH_SEARCH_PATHS = "$(inherited) @executable_path/Frameworks";
				PRODUCT_NAME = "$(TARGET_NAME)";
			};
			name = Release;
		};
		867F97771A2E04F00014E93E /* Debug */ = {
			isa = XCBuildConfiguration;
			buildSettings = {
				BUNDLE_LOADER = "$(TEST_HOST)";
				FRAMEWORK_SEARCH_PATHS = (
					"$(SDKROOT)/Developer/Library/Frameworks",
					"$(inherited)",
				);
				GCC_PREPROCESSOR_DEFINITIONS = (
					"DEBUG=1",
					"$(inherited)",
				);
				INFOPLIST_FILE = iOSDemosTests/Info.plist;
				LD_RUNPATH_SEARCH_PATHS = "$(inherited) @executable_path/Frameworks @loader_path/Frameworks";
				PRODUCT_NAME = "$(TARGET_NAME)";
				TEST_HOST = "$(BUILT_PRODUCTS_DIR)/iOSDemos.app/iOSDemos";
			};
			name = Debug;
		};
		867F97781A2E04F00014E93E /* Release */ = {
			isa = XCBuildConfiguration;
			buildSettings = {
				BUNDLE_LOADER = "$(TEST_HOST)";
				FRAMEWORK_SEARCH_PATHS = (
					"$(SDKROOT)/Developer/Library/Frameworks",
					"$(inherited)",
				);
				INFOPLIST_FILE = iOSDemosTests/Info.plist;
				LD_RUNPATH_SEARCH_PATHS = "$(inherited) @executable_path/Frameworks @loader_path/Frameworks";
				PRODUCT_NAME = "$(TARGET_NAME)";
				TEST_HOST = "$(BUILT_PRODUCTS_DIR)/iOSDemos.app/iOSDemos";
			};
			name = Release;
		};
/* End XCBuildConfiguration section */

/* Begin XCConfigurationList section */
		867F974B1A2E04F00014E93E /* Build configuration list for PBXProject "iOSDemos" */ = {
			isa = XCConfigurationList;
			buildConfigurations = (
				867F97711A2E04F00014E93E /* Debug */,
				867F97721A2E04F00014E93E /* Release */,
			);
			defaultConfigurationIsVisible = 0;
			defaultConfigurationName = Release;
		};
		867F97731A2E04F00014E93E /* Build configuration list for PBXNativeTarget "iOSDemos" */ = {
			isa = XCConfigurationList;
			buildConfigurations = (
				867F97741A2E04F00014E93E /* Debug */,
				867F97751A2E04F00014E93E /* Release */,
			);
			defaultConfigurationIsVisible = 0;
			defaultConfigurationName = Release;
		};
		867F97761A2E04F00014E93E /* Build configuration list for PBXNativeTarget "iOSDemosTests" */ = {
			isa = XCConfigurationList;
			buildConfigurations = (
				867F97771A2E04F00014E93E /* Debug */,
				867F97781A2E04F00014E93E /* Release */,
			);
			defaultConfigurationIsVisible = 0;
			defaultConfigurationName = Release;
		};
/* End XCConfigurationList section */
	};
	rootObject = 867F97481A2E04F00014E93E /* Project object */;
}
